
Microsoft Visual Studio Solution File, Format Version 12.00
# Visual Studio Version 17
VisualStudioVersion = 17.5.002.0
MinimumVisualStudioVersion = 10.0.40219.1
Project("{9A19103F-16F7-4668-BE54-9A1E7A4F7556}") = "MvcMovie", "MvcMovie.csproj", "{0616C836-5844-44D3-9189-C2F80EE5A418}"
EndProject
Global
	GlobalSection(SolutionConfigurationPlatforms) = preSolution
		Debug|Any CPU = Debug|Any CPU
		Release|Any CPU = Release|Any CPU
	EndGlobalSection
	GlobalSection(ProjectConfigurationPlatforms) = postSolution
		{0616C836-5844-44D3-9189-C2F80EE5A418}.Debug|Any CPU.ActiveCfg = Debug|Any CPU
		{0616C836-5844-44D3-9189-C2F80EE5A418}.Debug|Any CPU.Build.0 = Debug|Any CPU
		{0616C836-5844-44D3-9189-C2F80EE5A418}.Release|Any CPU.ActiveCfg = Release|Any CPU
		{0616C836-5844-44D3-9189-C2F80EE5A418}.Release|Any CPU.Build.0 = Release|Any CPU
	EndGlobalSection
	GlobalSection(SolutionProperties) = preSolution
		HideSolutionNode = FALSE
	EndGlobalSection
	GlobalSection(ExtensibilityGlobals) = postSolution
		SolutionGuid = {CE570D9B-0B79-49E2-B24C-38A266B9A0C3}
	EndGlobalSection
EndGlobal
